
Microsoft Visual Studio Solution File, Format Version 12.00
# Visual Studio Version 17
VisualStudioVersion = 17.14.36202.13 d17.14
MinimumVisualStudioVersion = 10.0.40219.1
Project("{FAE04EC0-301F-11D3-BF4B-00C04F79EFBC}") = "MoneyAppXamarin", "MoneyAppXamarin.csproj", "{B3CFE93C-DB3F-4AB9-AAB8-AE84990B2853}"
EndProject
Global
	GlobalSection(SolutionConfigurationPlatforms) = preSolution
		Debug|Any CPU = Debug|Any CPU
		Release|Any CPU = Release|Any CPU
	EndGlobalSection
	GlobalSection(ProjectConfigurationPlatforms) = postSolution
		{B3CFE93C-DB3F-4AB9-AAB8-AE84990B2853}.Debug|Any CPU.ActiveCfg = Debug|Any CPU
		{B3CFE93C-DB3F-4AB9-AAB8-AE84990B2853}.Debug|Any CPU.Build.0 = Debug|Any CPU
		{B3CFE93C-DB3F-4AB9-AAB8-AE84990B2853}.Debug|Any CPU.Deploy.0 = Debug|Any CPU
		{B3CFE93C-DB3F-4AB9-AAB8-AE84990B2853}.Release|Any CPU.ActiveCfg = Release|Any CPU
		{B3CFE93C-DB3F-4AB9-AAB8-AE84990B2853}.Release|Any CPU.Build.0 = Release|Any CPU
		{B3CFE93C-DB3F-4AB9-AAB8-AE84990B2853}.Release|Any CPU.Deploy.0 = Release|Any CPU
	EndGlobalSection
	GlobalSection(SolutionProperties) = preSolution
		HideSolutionNode = FALSE
	EndGlobalSection
	GlobalSection(ExtensibilityGlobals) = postSolution
		SolutionGuid = {16F94B13-3B88-4456-9AA3-1E8F2DE4EEA3}
	EndGlobalSection
EndGlobal
